// !$*UTF8*$!
{
	archiveVersion = 1;
	classes = {
	};
	objectVersion = 50;
	objects = {

/* Begin PBXBuildFile section */
		05082B6F3D8B43E3F5B2C64C /* Pods_Parstagram.framework in Frameworks */ = {isa = PBXBuildFile; fileRef = 4B44BE75D160FBDAE4ED8AB0 /* Pods_Parstagram.framework */; };
		0DD7FE6E7F3D9EABFA038B56 /* Pods_ParstagramTests.framework in Frameworks */ = {isa = PBXBuildFile; fileRef = 45A4D920E54682EEB9C8ABC7 /* Pods_ParstagramTests.framework */; };
		66EB1BB39EB39E10CF8B402F /* Pods_ParstagramUITests.framework in Frameworks */ = {isa = PBXBuildFile; fileRef = 7155F8721FAE859E927ECFFF /* Pods_ParstagramUITests.framework */; };
		8E37D74F2280500A00BF2220 /* ProfileViewController.swift in Sources */ = {isa = PBXBuildFile; fileRef = 8E37D74E2280500A00BF2220 /* ProfileViewController.swift */; };
		8E646C922235251500A29562 /* PostCell.swift in Sources */ = {isa = PBXBuildFile; fileRef = 8E646C912235251400A29562 /* PostCell.swift */; };
		8EB673D62237258F00D80224 /* CommentCell.swift in Sources */ = {isa = PBXBuildFile; fileRef = 8EB673D52237258F00D80224 /* CommentCell.swift */; };
		8EC68C37223299CF00A05CC3 /* AppDelegate.swift in Sources */ = {isa = PBXBuildFile; fileRef = 8EC68C36223299CF00A05CC3 /* AppDelegate.swift */; };
		8EC68C3C223299CF00A05CC3 /* Main.storyboard in Resources */ = {isa = PBXBuildFile; fileRef = 8EC68C3A223299CF00A05CC3 /* Main.storyboard */; };
		8EC68C3E223299D600A05CC3 /* Assets.xcassets in Resources */ = {isa = PBXBuildFile; fileRef = 8EC68C3D223299D600A05CC3 /* Assets.xcassets */; };
		8EC68C41223299D600A05CC3 /* LaunchScreen.storyboard in Resources */ = {isa = PBXBuildFile; fileRef = 8EC68C3F223299D600A05CC3 /* LaunchScreen.storyboard */; };
		8EC68C4C223299D700A05CC3 /* ParstagramTests.swift in Sources */ = {isa = PBXBuildFile; fileRef = 8EC68C4B223299D700A05CC3 /* ParstagramTests.swift */; };
		8EC68C57223299D700A05CC3 /* ParstagramUITests.swift in Sources */ = {isa = PBXBuildFile; fileRef = 8EC68C56223299D700A05CC3 /* ParstagramUITests.swift */; };
		8ED233C92233937300F0842D /* LoginViewController.swift in Sources */ = {isa = PBXBuildFile; fileRef = 8ED233C82233937300F0842D /* LoginViewController.swift */; };
		8ED233CB223393A200F0842D /* FeedViewController.swift in Sources */ = {isa = PBXBuildFile; fileRef = 8ED233CA223393A200F0842D /* FeedViewController.swift */; };
		8ED233CD2234BD8D00F0842D /* CameraViewController.swift in Sources */ = {isa = PBXBuildFile; fileRef = 8ED233CC2234BD8D00F0842D /* CameraViewController.swift */; };
/* End PBXBuildFile section */

/* Begin PBXContainerItemProxy section */
		8EC68C48223299D700A05CC3 /* PBXContainerItemProxy */ = {
			isa = PBXContainerItemProxy;
			containerPortal = 8EC68C2B223299CF00A05CC3 /* Project object */;
			proxyType = 1;
			remoteGlobalIDString = 8EC68C32223299CF00A05CC3;
			remoteInfo = Parstagram;
		};
		8EC68C53223299D700A05CC3 /* PBXContainerItemProxy */ = {
			isa = PBXContainerItemProxy;
			containerPortal = 8EC68C2B223299CF00A05CC3 /* Project object */;
			proxyType = 1;
			remoteGlobalIDString = 8EC68C32223299CF00A05CC3;
			remoteInfo = Parstagram;
		};
/* End PBXContainerItemProxy section */

/* Begin PBXFileReference section */
		45A4D920E54682EEB9C8ABC7 /* Pods_ParstagramTests.framework */ = {isa = PBXFileReference; explicitFileType = wrapper.framework; includeInIndex = 0; path = Pods_ParstagramTests.framework; sourceTree = BUILT_PRODUCTS_DIR; };
		4B44BE75D160FBDAE4ED8AB0 /* Pods_Parstagram.framework */ = {isa = PBXFileReference; explicitFileType = wrapper.framework; includeInIndex = 0; path = Pods_Parstagram.framework; sourceTree = BUILT_PRODUCTS_DIR; };
		7155F8721FAE859E927ECFFF /* Pods_ParstagramUITests.framework */ = {isa = PBXFileReference; explicitFileType = wrapper.framework; includeInIndex = 0; path = Pods_ParstagramUITests.framework; sourceTree = BUILT_PRODUCTS_DIR; };
		8516C8D13DC16EAB3AF1537C /* Pods-ParstagramUITests.debug.xcconfig */ = {isa = PBXFileReference; includeInIndex = 1; lastKnownFileType = text.xcconfig; name = "Pods-ParstagramUITests.debug.xcconfig"; path = "Pods/Target Support Files/Pods-ParstagramUITests/Pods-ParstagramUITests.debug.xcconfig"; sourceTree = "<group>"; };
		8E37D74E2280500A00BF2220 /* ProfileViewController.swift */ = {isa = PBXFileReference; lastKnownFileType = sourcecode.swift; path = ProfileViewController.swift; sourceTree = "<group>"; };
		8E646C912235251400A29562 /* PostCell.swift */ = {isa = PBXFileReference; lastKnownFileType = sourcecode.swift; path = PostCell.swift; sourceTree = "<group>"; };
		8EB673D52237258F00D80224 /* CommentCell.swift */ = {isa = PBXFileReference; lastKnownFileType = sourcecode.swift; path = CommentCell.swift; sourceTree = "<group>"; };
		8EC68C33223299CF00A05CC3 /* Parstagram.app */ = {isa = PBXFileReference; explicitFileType = wrapper.application; includeInIndex = 0; path = Parstagram.app; sourceTree = BUILT_PRODUCTS_DIR; };
		8EC68C36223299CF00A05CC3 /* AppDelegate.swift */ = {isa = PBXFileReference; lastKnownFileType = sourcecode.swift; path = AppDelegate.swift; sourceTree = "<group>"; };
		8EC68C3B223299CF00A05CC3 /* Base */ = {isa = PBXFileReference; lastKnownFileType = file.storyboard; name = Base; path = Base.lproj/Main.storyboard; sourceTree = "<group>"; };
		8EC68C3D223299D600A05CC3 /* Assets.xcassets */ = {isa = PBXFileReference; lastKnownFileType = folder.assetcatalog; path = Assets.xcassets; sourceTree = "<group>"; };
		8EC68C40223299D600A05CC3 /* Base */ = {isa = PBXFileReference; lastKnownFileType = file.storyboard; name = Base; path = Base.lproj/LaunchScreen.storyboard; sourceTree = "<group>"; };
		8EC68C42223299D600A05CC3 /* Info.plist */ = {isa = PBXFileReference; lastKnownFileType = text.plist.xml; path = Info.plist; sourceTree = "<group>"; };
		8EC68C47223299D700A05CC3 /* ParstagramTests.xctest */ = {isa = PBXFileReference; explicitFileType = wrapper.cfbundle; includeInIndex = 0; path = ParstagramTests.xctest; sourceTree = BUILT_PRODUCTS_DIR; };
		8EC68C4B223299D700A05CC3 /* ParstagramTests.swift */ = {isa = PBXFileReference; lastKnownFileType = sourcecode.swift; path = ParstagramTests.swift; sourceTree = "<group>"; };
		8EC68C4D223299D700A05CC3 /* Info.plist */ = {isa = PBXFileReference; lastKnownFileType = text.plist.xml; path = Info.plist; sourceTree = "<group>"; };
		8EC68C52223299D700A05CC3 /* ParstagramUITests.xctest */ = {isa = PBXFileReference; explicitFileType = wrapper.cfbundle; includeInIndex = 0; path = ParstagramUITests.xctest; sourceTree = BUILT_PRODUCTS_DIR; };
		8EC68C56223299D700A05CC3 /* ParstagramUITests.swift */ = {isa = PBXFileReference; lastKnownFileType = sourcecode.swift; path = ParstagramUITests.swift; sourceTree = "<group>"; };
		8EC68C58223299D700A05CC3 /* Info.plist */ = {isa = PBXFileReference; lastKnownFileType = text.plist.xml; path = Info.plist; sourceTree = "<group>"; };
		8ED233C82233937300F0842D /* LoginViewController.swift */ = {isa = PBXFileReference; lastKnownFileType = sourcecode.swift; path = LoginViewController.swift; sourceTree = "<group>"; };
		8ED233CA223393A200F0842D /* FeedViewController.swift */ = {isa = PBXFileReference; lastKnownFileType = sourcecode.swift; path = FeedViewController.swift; sourceTree = "<group>"; };
		8ED233CC2234BD8D00F0842D /* CameraViewController.swift */ = {isa = PBXFileReference; lastKnownFileType = sourcecode.swift; path = CameraViewController.swift; sourceTree = "<group>"; };
		B7484C8D48E67D1CC277ABC1 /* Pods-ParstagramUITests.release.xcconfig */ = {isa = PBXFileReference; includeInIndex = 1; lastKnownFileType = text.xcconfig; name = "Pods-ParstagramUITests.release.xcconfig"; path = "Pods/Target Support Files/Pods-ParstagramUITests/Pods-ParstagramUITests.release.xcconfig"; sourceTree = "<group>"; };
		D0F636644D2780F22F837004 /* Pods-ParstagramTests.release.xcconfig */ = {isa = PBXFileReference; includeInIndex = 1; lastKnownFileType = text.xcconfig; name = "Pods-ParstagramTests.release.xcconfig"; path = "Pods/Target Support Files/Pods-ParstagramTests/Pods-ParstagramTests.release.xcconfig"; sourceTree = "<group>"; };
		E6D11311A7992279EE8595BA /* Pods-ParstagramTests.debug.xcconfig */ = {isa = PBXFileReference; includeInIndex = 1; lastKnownFileType = text.xcconfig; name = "Pods-ParstagramTests.debug.xcconfig"; path = "Pods/Target Support Files/Pods-ParstagramTests/Pods-ParstagramTests.debug.xcconfig"; sourceTree = "<group>"; };
		EBAE18E9C6F8351EDC289AA2 /* Pods-Parstagram.release.xcconfig */ = {isa = PBXFileReference; includeInIndex = 1; lastKnownFileType = text.xcconfig; name = "Pods-Parstagram.release.xcconfig"; path = "Pods/Target Support Files/Pods-Parstagram/Pods-Parstagram.release.xcconfig"; sourceTree = "<group>"; };
		FAD09A8961FAD2A32503AA0C /* Pods-Parstagram.debug.xcconfig */ = {isa = PBXFileReference; includeInIndex = 1; lastKnownFileType = text.xcconfig; name = "Pods-Parstagram.debug.xcconfig"; path = "Pods/Target Support Files/Pods-Parstagram/Pods-Parstagram.debug.xcconfig"; sourceTree = "<group>"; };
/* End PBXFileReference section */

/* Begin PBXFrameworksBuildPhase section */
		8EC68C30223299CF00A05CC3 /* Frameworks */ = {
			isa = PBXFrameworksBuildPhase;
			buildActionMask = 2147483647;
			files = (
				05082B6F3D8B43E3F5B2C64C /* Pods_Parstagram.framework in Frameworks */,
			);
			runOnlyForDeploymentPostprocessing = 0;
		};
		8EC68C44223299D700A05CC3 /* Frameworks */ = {
			isa = PBXFrameworksBuildPhase;
			buildActionMask = 2147483647;
			files = (
				0DD7FE6E7F3D9EABFA038B56 /* Pods_ParstagramTests.framework in Frameworks */,
			);
			runOnlyForDeploymentPostprocessing = 0;
		};
		8EC68C4F223299D700A05CC3 /* Frameworks */ = {
			isa = PBXFrameworksBuildPhase;
			buildActionMask = 2147483647;
			files = (
				66EB1BB39EB39E10CF8B402F /* Pods_ParstagramUITests.framework in Frameworks */,
			);
			runOnlyForDeploymentPostprocessing = 0;
		};
/* End PBXFrameworksBuildPhase section */

/* Begin PBXGroup section */
		71FBBA513E5AA6DD5838CE12 /* Frameworks */ = {
			isa = PBXGroup;
			children = (
				4B44BE75D160FBDAE4ED8AB0 /* Pods_Parstagram.framework */,
				45A4D920E54682EEB9C8ABC7 /* Pods_ParstagramTests.framework */,
				7155F8721FAE859E927ECFFF /* Pods_ParstagramUITests.framework */,
			);
			name = Frameworks;
			sourceTree = "<group>";
		};
		8EC68C2A223299CF00A05CC3 = {
			isa = PBXGroup;
			children = (
				8EC68C35223299CF00A05CC3 /* Parstagram */,
				8EC68C4A223299D700A05CC3 /* ParstagramTests */,
				8EC68C55223299D700A05CC3 /* ParstagramUITests */,
				8EC68C34223299CF00A05CC3 /* Products */,
				B4E8A76CFEDA57898DDDB72E /* Pods */,
				71FBBA513E5AA6DD5838CE12 /* Frameworks */,
			);
			sourceTree = "<group>";
		};
		8EC68C34223299CF00A05CC3 /* Products */ = {
			isa = PBXGroup;
			children = (
				8EC68C33223299CF00A05CC3 /* Parstagram.app */,
				8EC68C47223299D700A05CC3 /* ParstagramTests.xctest */,
				8EC68C52223299D700A05CC3 /* ParstagramUITests.xctest */,
			);
			name = Products;
			sourceTree = "<group>";
		};
		8EC68C35223299CF00A05CC3 /* Parstagram */ = {
			isa = PBXGroup;
			children = (
				8EC68C36223299CF00A05CC3 /* AppDelegate.swift */,
				8EC68C3A223299CF00A05CC3 /* Main.storyboard */,
				8EC68C3D223299D600A05CC3 /* Assets.xcassets */,
				8EC68C3F223299D600A05CC3 /* LaunchScreen.storyboard */,
				8EC68C42223299D600A05CC3 /* Info.plist */,
				8ED233C82233937300F0842D /* LoginViewController.swift */,
				8ED233CA223393A200F0842D /* FeedViewController.swift */,
				8ED233CC2234BD8D00F0842D /* CameraViewController.swift */,
				8E646C912235251400A29562 /* PostCell.swift */,
				8EB673D52237258F00D80224 /* CommentCell.swift */,
				8E37D74E2280500A00BF2220 /* ProfileViewController.swift */,
			);
			path = Parstagram;
			sourceTree = "<group>";
		};
		8EC68C4A223299D700A05CC3 /* ParstagramTests */ = {
			isa = PBXGroup;
			children = (
				8EC68C4B223299D700A05CC3 /* ParstagramTests.swift */,
				8EC68C4D223299D700A05CC3 /* Info.plist */,
			);
			path = ParstagramTests;
			sourceTree = "<group>";
		};
		8EC68C55223299D700A05CC3 /* ParstagramUITests */ = {
			isa = PBXGroup;
			children = (
				8EC68C56223299D700A05CC3 /* ParstagramUITests.swift */,
				8EC68C58223299D700A05CC3 /* Info.plist */,
			);
			path = ParstagramUITests;
			sourceTree = "<group>";
		};
		B4E8A76CFEDA57898DDDB72E /* Pods */ = {
			isa = PBXGroup;
			children = (
				FAD09A8961FAD2A32503AA0C /* Pods-Parstagram.debug.xcconfig */,
				EBAE18E9C6F8351EDC289AA2 /* Pods-Parstagram.release.xcconfig */,
				E6D11311A7992279EE8595BA /* Pods-ParstagramTests.debug.xcconfig */,
				D0F636644D2780F22F837004 /* Pods-ParstagramTests.release.xcconfig */,
				8516C8D13DC16EAB3AF1537C /* Pods-ParstagramUITests.debug.xcconfig */,
				B7484C8D48E67D1CC277ABC1 /* Pods-ParstagramUITests.release.xcconfig */,
			);
			name = Pods;
			sourceTree = "<group>";
		};
/* End PBXGroup section */

/* Begin PBXNativeTarget section */
		8EC68C32223299CF00A05CC3 /* Parstagram */ = {
			isa = PBXNativeTarget;
			buildConfigurationList = 8EC68C5B223299D700A05CC3 /* Build configuration list for PBXNativeTarget "Parstagram" */;
			buildPhases = (
				BA96064173D17DF0B4130129 /* [CP] Check Pods Manifest.lock */,
				8EC68C2F223299CF00A05CC3 /* Sources */,
				8EC68C30223299CF00A05CC3 /* Frameworks */,
				8EC68C31223299CF00A05CC3 /* Resources */,
				29C858D32EC999730ADA470B /* [CP] Embed Pods Frameworks */,
			);
			buildRules = (
			);
			dependencies = (
			);
			name = Parstagram;
			productName = Parstagram;
			productReference = 8EC68C33223299CF00A05CC3 /* Parstagram.app */;
			productType = "com.apple.product-type.application";
		};
		8EC68C46223299D700A05CC3 /* ParstagramTests */ = {
			isa = PBXNativeTarget;
			buildConfigurationList = 8EC68C5E223299D700A05CC3 /* Build configuration list for PBXNativeTarget "ParstagramTests" */;
			buildPhases = (
				E6CDFC9A016F94D0331CD819 /* [CP] Check Pods Manifest.lock */,
				8EC68C43223299D700A05CC3 /* Sources */,
				8EC68C44223299D700A05CC3 /* Frameworks */,
				8EC68C45223299D700A05CC3 /* Resources */,
			);
			buildRules = (
			);
			dependencies = (
				8EC68C49223299D700A05CC3 /* PBXTargetDependency */,
			);
			name = ParstagramTests;
			productName = ParstagramTests;
			productReference = 8EC68C47223299D700A05CC3 /* ParstagramTests.xctest */;
			productType = "com.apple.product-type.bundle.unit-test";
		};
		8EC68C51223299D700A05CC3 /* ParstagramUITests */ = {
			isa = PBXNativeTarget;
			buildConfigurationList = 8EC68C61223299D700A05CC3 /* Build configuration list for PBXNativeTarget "ParstagramUITests" */;
			buildPhases = (
				1802628111F9BC587663F33E /* [CP] Check Pods Manifest.lock */,
				8EC68C4E223299D700A05CC3 /* Sources */,
				8EC68C4F223299D700A05CC3 /* Frameworks */,
				8EC68C50223299D700A05CC3 /* Resources */,
			);
			buildRules = (
			);
			dependencies = (
				8EC68C54223299D700A05CC3 /* PBXTargetDependency */,
			);
			name = ParstagramUITests;
			productName = ParstagramUITests;
			productReference = 8EC68C52223299D700A05CC3 /* ParstagramUITests.xctest */;
			productType = "com.apple.product-type.bundle.ui-testing";
		};
/* End PBXNativeTarget section */

/* Begin PBXProject section */
		8EC68C2B223299CF00A05CC3 /* Project object */ = {
			isa = PBXProject;
			attributes = {
				LastSwiftUpdateCheck = 1010;
				LastUpgradeCheck = 1010;
				ORGANIZATIONNAME = Kin;
				TargetAttributes = {
					8EC68C32223299CF00A05CC3 = {
						CreatedOnToolsVersion = 10.1;
					};
					8EC68C46223299D700A05CC3 = {
						CreatedOnToolsVersion = 10.1;
						TestTargetID = 8EC68C32223299CF00A05CC3;
					};
					8EC68C51223299D700A05CC3 = {
						CreatedOnToolsVersion = 10.1;
						TestTargetID = 8EC68C32223299CF00A05CC3;
					};
				};
			};
			buildConfigurationList = 8EC68C2E223299CF00A05CC3 /* Build configuration list for PBXProject "Parstagram" */;
			compatibilityVersion = "Xcode 9.3";
			developmentRegion = en;
			hasScannedForEncodings = 0;
			knownRegions = (
				en,
				Base,
			);
			mainGroup = 8EC68C2A223299CF00A05CC3;
			productRefGroup = 8EC68C34223299CF00A05CC3 /* Products */;
			projectDirPath = "";
			projectRoot = "";
			targets = (
				8EC68C32223299CF00A05CC3 /* Parstagram */,
				8EC68C46223299D700A05CC3 /* ParstagramTests */,
				8EC68C51223299D700A05CC3 /* ParstagramUITests */,
			);
		};
/* End PBXProject section */

/* Begin PBXResourcesBuildPhase section */
		8EC68C31223299CF00A05CC3 /* Resources */ = {
			isa = PBXResourcesBuildPhase;
			buildActionMask = 2147483647;
			files = (
				8EC68C41223299D600A05CC3 /* LaunchScreen.storyboard in Resources */,
				8EC68C3E223299D600A05CC3 /* Assets.xcassets in Resources */,
				8EC68C3C223299CF00A05CC3 /* Main.storyboard in Resources */,
			);
			runOnlyForDeploymentPostprocessing = 0;
		};
		8EC68C45223299D700A05CC3 /* Resources */ = {
			isa = PBXResourcesBuildPhase;
			buildActionMask = 2147483647;
			files = (
			);
			runOnlyForDeploymentPostprocessing = 0;
		};
		8EC68C50223299D700A05CC3 /* Resources */ = {
			isa = PBXResourcesBuildPhase;
			buildActionMask = 2147483647;
			files = (
			);
			runOnlyForDeploymentPostprocessing = 0;
		};
/* End PBXResourcesBuildPhase section */

/* Begin PBXShellScriptBuildPhase section */
		1802628111F9BC587663F33E /* [CP] Check Pods Manifest.lock */ = {
			isa = PBXShellScriptBuildPhase;
			buildActionMask = 2147483647;
			files = (
			);
			inputFileListPaths = (
			);
			inputPaths = (
				"${PODS_PODFILE_DIR_PATH}/Podfile.lock",
				"${PODS_ROOT}/Manifest.lock",
			);
			name = "[CP] Check Pods Manifest.lock";
			outputFileListPaths = (
			);
			outputPaths = (
				"$(DERIVED_FILE_DIR)/Pods-ParstagramUITests-checkManifestLockResult.txt",
			);
			runOnlyForDeploymentPostprocessing = 0;
			shellPath = /bin/sh;
			shellScript = "diff \"${PODS_PODFILE_DIR_PATH}/Podfile.lock\" \"${PODS_ROOT}/Manifest.lock\" > /dev/null\nif [ $? != 0 ] ; then\n    # print error to STDERR\n    echo \"error: The sandbox is not in sync with the Podfile.lock. Run 'pod install' or update your CocoaPods installation.\" >&2\n    exit 1\nfi\n# This output is used by Xcode 'outputs' to avoid re-running this script phase.\necho \"SUCCESS\" > \"${SCRIPT_OUTPUT_FILE_0}\"\n";
			showEnvVarsInLog = 0;
		};
		29C858D32EC999730ADA470B /* [CP] Embed Pods Frameworks */ = {
			isa = PBXShellScriptBuildPhase;
			buildActionMask = 2147483647;
			files = (
			);
			inputFileListPaths = (
			);
			inputPaths = (
				"${SRCROOT}/Pods/Target Support Files/Pods-Parstagram/Pods-Parstagram-frameworks.sh",
				"${BUILT_PRODUCTS_DIR}/Alamofire/Alamofire.framework",
				"${BUILT_PRODUCTS_DIR}/AlamofireImage/AlamofireImage.framework",
				"${BUILT_PRODUCTS_DIR}/Bolts/Bolts.framework",
				"${BUILT_PRODUCTS_DIR}/MessageInputBar/MessageInputBar.framework",
				"${BUILT_PRODUCTS_DIR}/Parse/Parse.framework",
			);
			name = "[CP] Embed Pods Frameworks";
			outputFileListPaths = (
			);
			outputPaths = (
				"${TARGET_BUILD_DIR}/${FRAMEWORKS_FOLDER_PATH}/Alamofire.framework",
				"${TARGET_BUILD_DIR}/${FRAMEWORKS_FOLDER_PATH}/AlamofireImage.framework",
				"${TARGET_BUILD_DIR}/${FRAMEWORKS_FOLDER_PATH}/Bolts.framework",
				"${TARGET_BUILD_DIR}/${FRAMEWORKS_FOLDER_PATH}/MessageInputBar.framework",
				"${TARGET_BUILD_DIR}/${FRAMEWORKS_FOLDER_PATH}/Parse.framework",
			);
			runOnlyForDeploymentPostprocessing = 0;
			shellPath = /bin/sh;
			shellScript = "\"${SRCROOT}/Pods/Target Support Files/Pods-Parstagram/Pods-Parstagram-frameworks.sh\"\n";
			showEnvVarsInLog = 0;
		};
		BA96064173D17DF0B4130129 /* [CP] Check Pods Manifest.lock */ = {
			isa = PBXShellScriptBuildPhase;
			buildActionMask = 2147483647;
			files = (
			);
			inputFileListPaths = (
			);
			inputPaths = (
				"${PODS_PODFILE_DIR_PATH}/Podfile.lock",
				"${PODS_ROOT}/Manifest.lock",
			);
			name = "[CP] Check Pods Manifest.lock";
			outputFileListPaths = (
			);
			outputPaths = (
				"$(DERIVED_FILE_DIR)/Pods-Parstagram-checkManifestLockResult.txt",
			);
			runOnlyForDeploymentPostprocessing = 0;
			shellPath = /bin/sh;
			shellScript = "diff \"${PODS_PODFILE_DIR_PATH}/Podfile.lock\" \"${PODS_ROOT}/Manifest.lock\" > /dev/null\nif [ $? != 0 ] ; then\n    # print error to STDERR\n    echo \"error: The sandbox is not in sync with the Podfile.lock. Run 'pod install' or update your CocoaPods installation.\" >&2\n    exit 1\nfi\n# This output is used by Xcode 'outputs' to avoid re-running this script phase.\necho \"SUCCESS\" > \"${SCRIPT_OUTPUT_FILE_0}\"\n";
			showEnvVarsInLog = 0;
		};
		E6CDFC9A016F94D0331CD819 /* [CP] Check Pods Manifest.lock */ = {
			isa = PBXShellScriptBuildPhase;
			buildActionMask = 2147483647;
			files = (
			);
			inputFileListPaths = (
			);
			inputPaths = (
				"${PODS_PODFILE_DIR_PATH}/Podfile.lock",
				"${PODS_ROOT}/Manifest.lock",
			);
			name = "[CP] Check Pods Manifest.lock";
			outputFileListPaths = (
			);
			outputPaths = (
				"$(DERIVED_FILE_DIR)/Pods-ParstagramTests-checkManifestLockResult.txt",
			);
			runOnlyForDeploymentPostprocessing = 0;
			shellPath = /bin/sh;
			shellScript = "diff \"${PODS_PODFILE_DIR_PATH}/Podfile.lock\" \"${PODS_ROOT}/Manifest.lock\" > /dev/null\nif [ $? != 0 ] ; then\n    # print error to STDERR\n    echo \"error: The sandbox is not in sync with the Podfile.lock. Run 'pod install' or update your CocoaPods installation.\" >&2\n    exit 1\nfi\n# This output is used by Xcode 'outputs' to avoid re-running this script phase.\necho \"SUCCESS\" > \"${SCRIPT_OUTPUT_FILE_0}\"\n";
			showEnvVarsInLog = 0;
		};
/* End PBXShellScriptBuildPhase section */

/* Begin PBXSourcesBuildPhase section */
		8EC68C2F223299CF00A05CC3 /* Sources */ = {
			isa = PBXSourcesBuildPhase;
			buildActionMask = 2147483647;
			files = (
				8ED233C92233937300F0842D /* LoginViewController.swift in Sources */,
				8ED233CD2234BD8D00F0842D /* CameraViewController.swift in Sources */,
				8ED233CB223393A200F0842D /* FeedViewController.swift in Sources */,
				8EC68C37223299CF00A05CC3 /* AppDelegate.swift in Sources */,
				8E37D74F2280500A00BF2220 /* ProfileViewController.swift in Sources */,
				8E646C922235251500A29562 /* PostCell.swift in Sources */,
				8EB673D62237258F00D80224 /* CommentCell.swift in Sources */,
			);
			runOnlyForDeploymentPostprocessing = 0;
		};
		8EC68C43223299D700A05CC3 /* Sources */ = {
			isa = PBXSourcesBuildPhase;
			buildActionMask = 2147483647;
			files = (
				8EC68C4C223299D700A05CC3 /* ParstagramTests.swift in Sources */,
			);
			runOnlyForDeploymentPostprocessing = 0;
		};
		8EC68C4E223299D700A05CC3 /* Sources */ = {
			isa = PBXSourcesBuildPhase;
			buildActionMask = 2147483647;
			files = (
				8EC68C57223299D700A05CC3 /* ParstagramUITests.swift in Sources */,
			);
			runOnlyForDeploymentPostprocessing = 0;
		};
/* End PBXSourcesBuildPhase section */

/* Begin PBXTargetDependency section */
		8EC68C49223299D700A05CC3 /* PBXTargetDependency */ = {
			isa = PBXTargetDependency;
			target = 8EC68C32223299CF00A05CC3 /* Parstagram */;
			targetProxy = 8EC68C48223299D700A05CC3 /* PBXContainerItemProxy */;
		};
		8EC68C54223299D700A05CC3 /* PBXTargetDependency */ = {
			isa = PBXTargetDependency;
			target = 8EC68C32223299CF00A05CC3 /* Parstagram */;
			targetProxy = 8EC68C53223299D700A05CC3 /* PBXContainerItemProxy */;
		};
/* End PBXTargetDependency section */

/* Begin PBXVariantGroup section */
		8EC68C3A223299CF00A05CC3 /* Main.storyboard */ = {
			isa = PBXVariantGroup;
			children = (
				8EC68C3B223299CF00A05CC3 /* Base */,
			);
			name = Main.storyboard;
			sourceTree = "<group>";
		};
		8EC68C3F223299D600A05CC3 /* LaunchScreen.storyboard */ = {
			isa = PBXVariantGroup;
			children = (
				8EC68C40223299D600A05CC3 /* Base */,
			);
			name = LaunchScreen.storyboard;
			sourceTree = "<group>";
		};
/* End PBXVariantGroup section */

/* Begin XCBuildConfiguration section */
		8EC68C59223299D700A05CC3 /* Debug */ = {
			isa = XCBuildConfiguration;
			buildSettings = {
				ALWAYS_SEARCH_USER_PATHS = NO;
				CLANG_ANALYZER_NONNULL = YES;
				CLANG_ANALYZER_NUMBER_OBJECT_CONVERSION = YES_AGGRESSIVE;
				CLANG_CXX_LANGUAGE_STANDARD = "gnu++14";
				CLANG_CXX_LIBRARY = "libc++";
				CLANG_ENABLE_MODULES = YES;
				CLANG_ENABLE_OBJC_ARC = YES;
				CLANG_ENABLE_OBJC_WEAK = YES;
				CLANG_WARN_BLOCK_CAPTURE_AUTORELEASING = YES;
				CLANG_WARN_BOOL_CONVERSION = YES;
				CLANG_WARN_COMMA = YES;
				CLANG_WARN_CONSTANT_CONVERSION = YES;
				CLANG_WARN_DEPRECATED_OBJC_IMPLEMENTATIONS = YES;
				CLANG_WARN_DIRECT_OBJC_ISA_USAGE = YES_ERROR;
				CLANG_WARN_DOCUMENTATION_COMMENTS = YES;
				CLANG_WARN_EMPTY_BODY = YES;
				CLANG_WARN_ENUM_CONVERSION = YES;
				CLANG_WARN_INFINITE_RECURSION = YES;
				CLANG_WARN_INT_CONVERSION = YES;
				CLANG_WARN_NON_LITERAL_NULL_CONVERSION = YES;
				CLANG_WARN_OBJC_IMPLICIT_RETAIN_SELF = YES;
				CLANG_WARN_OBJC_LITERAL_CONVERSION = YES;
				CLANG_WARN_OBJC_ROOT_CLASS = YES_ERROR;
				CLANG_WARN_RANGE_LOOP_ANALYSIS = YES;
				CLANG_WARN_STRICT_PROTOTYPES = YES;
				CLANG_WARN_SUSPICIOUS_MOVE = YES;
				CLANG_WARN_UNGUARDED_AVAILABILITY = YES_AGGRESSIVE;
				CLANG_WARN_UNREACHABLE_CODE = YES;
				CLANG_WARN__DUPLICATE_METHOD_MATCH = YES;
				CODE_SIGN_IDENTITY = "iPhone Developer";
				COPY_PHASE_STRIP = NO;
				DEBUG_INFORMATION_FORMAT = dwarf;
				ENABLE_STRICT_OBJC_MSGSEND = YES;
				ENABLE_TESTABILITY = YES;
				GCC_C_LANGUAGE_STANDARD = gnu11;
				GCC_DYNAMIC_NO_PIC = NO;
				GCC_NO_COMMON_BLOCKS = YES;
				GCC_OPTIMIZATION_LEVEL = 0;
				GCC_PREPROCESSOR_DEFINITIONS = (
					"DEBUG=1",
					"$(inherited)",
				);
				GCC_WARN_64_TO_32_BIT_CONVERSION = YES;
				GCC_WARN_ABOUT_RETURN_TYPE = YES_ERROR;
				GCC_WARN_UNDECLARED_SELECTOR = YES;
				GCC_WARN_UNINITIALIZED_AUTOS = YES_AGGRESSIVE;
				GCC_WARN_UNUSED_FUNCTION = YES;
				GCC_WARN_UNUSED_VARIABLE = YES;
				IPHONEOS_DEPLOYMENT_TARGET = 12.1;
				MTL_ENABLE_DEBUG_INFO = INCLUDE_SOURCE;
				MTL_FAST_MATH = YES;
				ONLY_ACTIVE_ARCH = YES;
				SDKROOT = iphoneos;
				SWIFT_ACTIVE_COMPILATION_CONDITIONS = DEBUG;
				SWIFT_OPTIMIZATION_LEVEL = "-Onone";
			};
			name = Debug;
		};
		8EC68C5A223299D700A05CC3 /* Release */ = {
			isa = XCBuildConfiguration;
			buildSettings = {
				ALWAYS_SEARCH_USER_PATHS = NO;
				CLANG_ANALYZER_NONNULL = YES;
				CLANG_ANALYZER_NUMBER_OBJECT_CONVERSION = YES_AGGRESSIVE;
				CLANG_CXX_LANGUAGE_STANDARD = "gnu++14";
				CLANG_CXX_LIBRARY = "libc++";
				CLANG_ENABLE_MODULES = YES;
				CLANG_ENABLE_OBJC_ARC = YES;
				CLANG_ENABLE_OBJC_WEAK = YES;
				CLANG_WARN_BLOCK_CAPTURE_AUTORELEASING = YES;
				CLANG_WARN_BOOL_CONVERSION = YES;
				CLANG_WARN_COMMA = YES;
				CLANG_WARN_CONSTANT_CONVERSION = YES;
				CLANG_WARN_DEPRECATED_OBJC_IMPLEMENTATIONS = YES;
				CLANG_WARN_DIRECT_OBJC_ISA_USAGE = YES_ERROR;
				CLANG_WARN_DOCUMENTATION_COMMENTS = YES;
				CLANG_WARN_EMPTY_BODY = YES;
				CLANG_WARN_ENUM_CONVERSION = YES;
				CLANG_WARN_INFINITE_RECURSION = YES;
				CLANG_WARN_INT_CONVERSION = YES;
				CLANG_WARN_NON_LITERAL_NULL_CONVERSION = YES;
				CLANG_WARN_OBJC_IMPLICIT_RETAIN_SELF = YES;
				CLANG_WARN_OBJC_LITERAL_CONVERSION = YES;
				CLANG_WARN_OBJC_ROOT_CLASS = YES_ERROR;
				CLANG_WARN_RANGE_LOOP_ANALYSIS = YES;
				CLANG_WARN_STRICT_PROTOTYPES = YES;
				CLANG_WARN_SUSPICIOUS_MOVE = YES;
				CLANG_WARN_UNGUARDED_AVAILABILITY = YES_AGGRESSIVE;
				CLANG_WARN_UNREACHABLE_CODE = YES;
				CLANG_WARN__DUPLICATE_METHOD_MATCH = YES;
				CODE_SIGN_IDENTITY = "iPhone Developer";
				COPY_PHASE_STRIP = NO;
				DEBUG_INFORMATION_FORMAT = "dwarf-with-dsym";
				ENABLE_NS_ASSERTIONS = NO;
				ENABLE_STRICT_OBJC_MSGSEND = YES;
				GCC_C_LANGUAGE_STANDARD = gnu11;
				GCC_NO_COMMON_BLOCKS = YES;
				GCC_WARN_64_TO_32_BIT_CONVERSION = YES;
				GCC_WARN_ABOUT_RETURN_TYPE = YES_ERROR;
				GCC_WARN_UNDECLARED_SELECTOR = YES;
				GCC_WARN_UNINITIALIZED_AUTOS = YES_AGGRESSIVE;
				GCC_WARN_UNUSED_FUNCTION = YES;
				GCC_WARN_UNUSED_VARIABLE = YES;
				IPHONEOS_DEPLOYMENT_TARGET = 12.1;
				MTL_ENABLE_DEBUG_INFO = NO;
				MTL_FAST_MATH = YES;
				SDKROOT = iphoneos;
				SWIFT_COMPILATION_MODE = wholemodule;
				SWIFT_OPTIMIZATION_LEVEL = "-O";
				VALIDATE_PRODUCT = YES;
			};
			name = Release;
		};
		8EC68C5C223299D700A05CC3 /* Debug */ = {
			isa = XCBuildConfiguration;
			baseConfigurationReference = FAD09A8961FAD2A32503AA0C /* Pods-Parstagram.debug.xcconfig */;
			buildSettings = {
				ASSETCATALOG_COMPILER_APPICON_NAME = AppIcon;
				CODE_SIGN_STYLE = Automatic;
				INFOPLIST_FILE = Parstagram/Info.plist;
				LD_RUNPATH_SEARCH_PATHS = (
					"$(inherited)",
					"@executable_path/Frameworks",
				);
				PRODUCT_BUNDLE_IDENTIFIER = "-.Parstagram";
				PRODUCT_NAME = "$(TARGET_NAME)";
				SWIFT_VERSION = 4.2;
				TARGETED_DEVICE_FAMILY = "1,2";
			};
			name = Debug;
		};
		8EC68C5D223299D700A05CC3 /* Release */ = {
			isa = XCBuildConfiguration;
			baseConfigurationReference = EBAE18E9C6F8351EDC289AA2 /* Pods-Parstagram.release.xcconfig */;
			buildSettings = {
				ASSETCATALOG_COMPILER_APPICON_NAME = AppIcon;
				CODE_SIGN_STYLE = Automatic;
				INFOPLIST_FILE = Parstagram/Info.plist;
				LD_RUNPATH_SEARCH_PATHS = (
					"$(inherited)",
					"@executable_path/Frameworks",
				);
				PRODUCT_BUNDLE_IDENTIFIER = "-.Parstagram";
				PRODUCT_NAME = "$(TARGET_NAME)";
				SWIFT_VERSION = 4.2;
				TARGETED_DEVICE_FAMILY = "1,2";
			};
			name = Release;
		};
		8EC68C5F223299D700A05CC3 /* Debug */ = {
			isa = XCBuildConfiguration;
			baseConfigurationReference = E6D11311A7992279EE8595BA /* Pods-ParstagramTests.debug.xcconfig */;
			buildSettings = {
				ALWAYS_EMBED_SWIFT_STANDARD_LIBRARIES = YES;
				BUNDLE_LOADER = "$(TEST_HOST)";
				CODE_SIGN_STYLE = Automatic;
				INFOPLIST_FILE = ParstagramTests/Info.plist;
				LD_RUNPATH_SEARCH_PATHS = (
					"$(inherited)",
					"@executable_path/Frameworks",
					"@loader_path/Frameworks",
				);
				PRODUCT_BUNDLE_IDENTIFIER = "-.ParstagramTests";
				PRODUCT_NAME = "$(TARGET_NAME)";
				SWIFT_VERSION = 4.2;
				TARGETED_DEVICE_FAMILY = "1,2";
				TEST_HOST = "$(BUILT_PRODUCTS_DIR)/Parstagram.app/Parstagram";
			};
			name = Debug;
		};
		8EC68C60223299D700A05CC3 /* Release */ = {
			isa = XCBuildConfiguration;
			baseConfigurationReference = D0F636644D2780F22F837004 /* Pods-ParstagramTests.release.xcconfig */;
			buildSettings = {
				ALWAYS_EMBED_SWIFT_STANDARD_LIBRARIES = YES;
				BUNDLE_LOADER = "$(TEST_HOST)";
				CODE_SIGN_STYLE = Automatic;
				INFOPLIST_FILE = ParstagramTests/Info.plist;
				LD_RUNPATH_SEARCH_PATHS = (
					"$(inherited)",
					"@executable_path/Frameworks",
					"@loader_path/Frameworks",
				);
				PRODUCT_BUNDLE_IDENTIFIER = "-.ParstagramTests";
				PRODUCT_NAME = "$(TARGET_NAME)";
				SWIFT_VERSION = 4.2;
				TARGETED_DEVICE_FAMILY = "1,2";
				TEST_HOST = "$(BUILT_PRODUCTS_DIR)/Parstagram.app/Parstagram";
			};
			name = Release;
		};
		8EC68C62223299D700A05CC3 /* Debug */ = {
			isa = XCBuildConfiguration;
			baseConfigurationReference = 8516C8D13DC16EAB3AF1537C /* Pods-ParstagramUITests.debug.xcconfig */;
			buildSettings = {
				ALWAYS_EMBED_SWIFT_STANDARD_LIBRARIES = YES;
				CODE_SIGN_STYLE = Automatic;
				INFOPLIST_FILE = ParstagramUITests/Info.plist;
				LD_RUNPATH_SEARCH_PATHS = (
					"$(inherited)",
					"@executable_path/Frameworks",
					"@loader_path/Frameworks",
				);
				PRODUCT_BUNDLE_IDENTIFIER = "-.ParstagramUITests";
				PRODUCT_NAME = "$(TARGET_NAME)";
				SWIFT_VERSION = 4.2;
				TARGETED_DEVICE_FAMILY = "1,2";
				TEST_TARGET_NAME = Parstagram;
			};
			name = Debug;
		};
		8EC68C63223299D700A05CC3 /* Release */ = {
			isa = XCBuildConfiguration;
			baseConfigurationReference = B7484C8D48E67D1CC277ABC1 /* Pods-ParstagramUITests.release.xcconfig */;
			buildSettings = {
				ALWAYS_EMBED_SWIFT_STANDARD_LIBRARIES = YES;
				CODE_SIGN_STYLE = Automatic;
				INFOPLIST_FILE = ParstagramUITests/Info.plist;
				LD_RUNPATH_SEARCH_PATHS = (
					"$(inherited)",
					"@executable_path/Frameworks",
					"@loader_path/Frameworks",
				);
				PRODUCT_BUNDLE_IDENTIFIER = "-.ParstagramUITests";
				PRODUCT_NAME = "$(TARGET_NAME)";
				SWIFT_VERSION = 4.2;
				TARGETED_DEVICE_FAMILY = "1,2";
				TEST_TARGET_NAME = Parstagram;
			};
			name = Release;
		};
/* End XCBuildConfiguration section */

/* Begin XCConfigurationList section */
		8EC68C2E223299CF00A05CC3 /* Build configuration list for PBXProject "Parstagram" */ = {
			isa = XCConfigurationList;
			buildConfigurations = (
				8EC68C59223299D700A05CC3 /* Debug */,
				8EC68C5A223299D700A05CC3 /* Release */,
			);
			defaultConfigurationIsVisible = 0;
			defaultConfigurationName = Release;
		};
		8EC68C5B223299D700A05CC3 /* Build configuration list for PBXNativeTarget "Parstagram" */ = {
			isa = XCConfigurationList;
			buildConfigurations = (
				8EC68C5C223299D700A05CC3 /* Debug */,
				8EC68C5D223299D700A05CC3 /* Release */,
			);
			defaultConfigurationIsVisible = 0;
			defaultConfigurationName = Release;
		};
		8EC68C5E223299D700A05CC3 /* Build configuration list for PBXNativeTarget "ParstagramTests" */ = {
			isa = XCConfigurationList;
			buildConfigurations = (
				8EC68C5F223299D700A05CC3 /* Debug */,
				8EC68C60223299D700A05CC3 /* Release */,
			);
			defaultConfigurationIsVisible = 0;
			defaultConfigurationName = Release;
		};
		8EC68C61223299D700A05CC3 /* Build configuration list for PBXNativeTarget "ParstagramUITests" */ = {
			isa = XCConfigurationList;
			buildConfigurations = (
				8EC68C62223299D700A05CC3 /* Debug */,
				8EC68C63223299D700A05CC3 /* Release */,
			);
			defaultConfigurationIsVisible = 0;
			defaultConfigurationName = Release;
		};
/* End XCConfigurationList section */
	};
	rootObject = 8EC68C2B223299CF00A05CC3 /* Project object */;
}
